
Microsoft Visual Studio Solution File, Format Version 12.00
# Visual Studio 2015
Project("{FAE04EC0-301F-11D3-BF4B-00C04F79EFBC}") = "BotM.Plugins", "BotM.Plugins.csproj", "{A567CC08-1B8D-A44A-5172-C3F94EBDA632}"
EndProject
Project("{FAE04EC0-301F-11D3-BF4B-00C04F79EFBC}") = "BotM", "BotM.csproj", "{88DAF99E-3D15-417A-A388-A1B9D0E11956}"
EndProject
Project("{FAE04EC0-301F-11D3-BF4B-00C04F79EFBC}") = "BotM.Editor.Plugins", "BotM.Editor.Plugins.csproj", "{DF6B99F1-9771-A896-09AD-5FA754164058}"
EndProject
Project("{FAE04EC0-301F-11D3-BF4B-00C04F79EFBC}") = "BotM.Editor", "BotM.Editor.csproj", "{3CA44267-92EC-BCD5-0114-680CA925F6B4}"
EndProject
Global
	GlobalSection(SolutionConfigurationPlatforms) = preSolution
		Debug|Any CPU = Debug|Any CPU
		Release|Any CPU = Release|Any CPU
	EndGlobalSection
	GlobalSection(ProjectConfigurationPlatforms) = postSolution
		{A567CC08-1B8D-A44A-5172-C3F94EBDA632}.Debug|Any CPU.ActiveCfg = Debug|Any CPU
		{A567CC08-1B8D-A44A-5172-C3F94EBDA632}.Debug|Any CPU.Build.0 = Debug|Any CPU
		{A567CC08-1B8D-A44A-5172-C3F94EBDA632}.Release|Any CPU.ActiveCfg = Release|Any CPU
		{A567CC08-1B8D-A44A-5172-C3F94EBDA632}.Release|Any CPU.Build.0 = Release|Any CPU
		{88DAF99E-3D15-417A-A388-A1B9D0E11956}.Debug|Any CPU.ActiveCfg = Debug|Any CPU
		{88DAF99E-3D15-417A-A388-A1B9D0E11956}.Debug|Any CPU.Build.0 = Debug|Any CPU
		{88DAF99E-3D15-417A-A388-A1B9D0E11956}.Release|Any CPU.ActiveCfg = Release|Any CPU
		{88DAF99E-3D15-417A-A388-A1B9D0E11956}.Release|Any CPU.Build.0 = Release|Any CPU
		{DF6B99F1-9771-A896-09AD-5FA754164058}.Debug|Any CPU.ActiveCfg = Debug|Any CPU
		{DF6B99F1-9771-A896-09AD-5FA754164058}.Debug|Any CPU.Build.0 = Debug|Any CPU
		{DF6B99F1-9771-A896-09AD-5FA754164058}.Release|Any CPU.ActiveCfg = Release|Any CPU
		{DF6B99F1-9771-A896-09AD-5FA754164058}.Release|Any CPU.Build.0 = Release|Any CPU
		{3CA44267-92EC-BCD5-0114-680CA925F6B4}.Debug|Any CPU.ActiveCfg = Debug|Any CPU
		{3CA44267-92EC-BCD5-0114-680CA925F6B4}.Debug|Any CPU.Build.0 = Debug|Any CPU
		{3CA44267-92EC-BCD5-0114-680CA925F6B4}.Release|Any CPU.ActiveCfg = Release|Any CPU
		{3CA44267-92EC-BCD5-0114-680CA925F6B4}.Release|Any CPU.Build.0 = Release|Any CPU
	EndGlobalSection
	GlobalSection(SolutionProperties) = preSolution
		HideSolutionNode = FALSE
	EndGlobalSection
EndGlobal
